
Microsoft Visual Studio Solution File, Format Version 12.00
# Visual Studio Version 16
VisualStudioVersion = 16.0.31025.194
MinimumVisualStudioVersion = 10.0.40219.1
Project("{FAE04EC0-301F-11D3-BF4B-00C04F79EFBC}") = "DataAccess", "DataAccess\DataAccess.csproj", "{E079CA57-601F-4441-8EC6-E390EF2C2DE7}"
EndProject
Project("{FAE04EC0-301F-11D3-BF4B-00C04F79EFBC}") = "Business", "Business\Business.csproj", "{3F1A28AF-D5F9-4BB2-8E5A-1FD48228CEB4}"
EndProject
Project("{FAE04EC0-301F-11D3-BF4B-00C04F79EFBC}") = "Entities", "Entities\Entities.csproj", "{2DF2D962-6B4A-4BAC-8E5E-3E81612EE7FA}"
EndProject
Project("{FAE04EC0-301F-11D3-BF4B-00C04F79EFBC}") = "ConsoleUI", "ConsoleUI\ConsoleUI.csproj", "{857AF8A8-9E3E-4D46-AC93-FEFDB17C3C2D}"
EndProject
Global
	GlobalSection(SolutionConfigurationPlatforms) = preSolution
		Debug|Any CPU = Debug|Any CPU
		Release|Any CPU = Release|Any CPU
	EndGlobalSection
	GlobalSection(ProjectConfigurationPlatforms) = postSolution
		{E079CA57-601F-4441-8EC6-E390EF2C2DE7}.Debug|Any CPU.ActiveCfg = Debug|Any CPU
		{E079CA57-601F-4441-8EC6-E390EF2C2DE7}.Debug|Any CPU.Build.0 = Debug|Any CPU
		{E079CA57-601F-4441-8EC6-E390EF2C2DE7}.Release|Any CPU.ActiveCfg = Release|Any CPU
		{E079CA57-601F-4441-8EC6-E390EF2C2DE7}.Release|Any CPU.Build.0 = Release|Any CPU
		{3F1A28AF-D5F9-4BB2-8E5A-1FD48228CEB4}.Debug|Any CPU.ActiveCfg = Debug|Any CPU
		{3F1A28AF-D5F9-4BB2-8E5A-1FD48228CEB4}.Debug|Any CPU.Build.0 = Debug|Any CPU
		{3F1A28AF-D5F9-4BB2-8E5A-1FD48228CEB4}.Release|Any CPU.ActiveCfg = Release|Any CPU
		{3F1A28AF-D5F9-4BB2-8E5A-1FD48228CEB4}.Release|Any CPU.Build.0 = Release|Any CPU
		{2DF2D962-6B4A-4BAC-8E5E-3E81612EE7FA}.Debug|Any CPU.ActiveCfg = Debug|Any CPU
		{2DF2D962-6B4A-4BAC-8E5E-3E81612EE7FA}.Debug|Any CPU.Build.0 = Debug|Any CPU
		{2DF2D962-6B4A-4BAC-8E5E-3E81612EE7FA}.Release|Any CPU.ActiveCfg = Release|Any CPU
		{2DF2D962-6B4A-4BAC-8E5E-3E81612EE7FA}.Release|Any CPU.Build.0 = Release|Any CPU
		{857AF8A8-9E3E-4D46-AC93-FEFDB17C3C2D}.Debug|Any CPU.ActiveCfg = Debug|Any CPU
		{857AF8A8-9E3E-4D46-AC93-FEFDB17C3C2D}.Debug|Any CPU.Build.0 = Debug|Any CPU
		{857AF8A8-9E3E-4D46-AC93-FEFDB17C3C2D}.Release|Any CPU.ActiveCfg = Release|Any CPU
		{857AF8A8-9E3E-4D46-AC93-FEFDB17C3C2D}.Release|Any CPU.Build.0 = Release|Any CPU
	EndGlobalSection
	GlobalSection(SolutionProperties) = preSolution
		HideSolutionNode = FALSE
	EndGlobalSection
	GlobalSection(ExtensibilityGlobals) = postSolution
		SolutionGuid = {8A667D6B-CAE4-4B48-B52B-032F39110A09}
	EndGlobalSection
EndGlobal
